
Microsoft Visual Studio Solution File, Format Version 12.00
# Visual Studio Version 17
VisualStudioVersion = 17.4.33103.184
MinimumVisualStudioVersion = 10.0.40219.1
Project("{9A19103F-16F7-4668-BE54-9A1E7A4F7556}") = "BlazorDoodles.Modal", "src\BlazorDoodles.Modal\BlazorDoodles.Modal.csproj", "{7416CB3D-6FA1-4022-B097-9E3258F6646E}"
EndProject
Project("{FAE04EC0-301F-11D3-BF4B-00C04F79EFBC}") = "SampleApp", "samples\SampleApp\SampleApp.csproj", "{FD1A5E05-348B-4251-86AA-F420C1CF8AB6}"
EndProject
Global
	GlobalSection(SolutionConfigurationPlatforms) = preSolution
		Debug|Any CPU = Debug|Any CPU
		Release|Any CPU = Release|Any CPU
	EndGlobalSection
	GlobalSection(ProjectConfigurationPlatforms) = postSolution
		{7416CB3D-6FA1-4022-B097-9E3258F6646E}.Debug|Any CPU.ActiveCfg = Debug|Any CPU
		{7416CB3D-6FA1-4022-B097-9E3258F6646E}.Debug|Any CPU.Build.0 = Debug|Any CPU
		{7416CB3D-6FA1-4022-B097-9E3258F6646E}.Release|Any CPU.ActiveCfg = Release|Any CPU
		{7416CB3D-6FA1-4022-B097-9E3258F6646E}.Release|Any CPU.Build.0 = Release|Any CPU
		{FD1A5E05-348B-4251-86AA-F420C1CF8AB6}.Debug|Any CPU.ActiveCfg = Debug|Any CPU
		{FD1A5E05-348B-4251-86AA-F420C1CF8AB6}.Debug|Any CPU.Build.0 = Debug|Any CPU
		{FD1A5E05-348B-4251-86AA-F420C1CF8AB6}.Release|Any CPU.ActiveCfg = Release|Any CPU
		{FD1A5E05-348B-4251-86AA-F420C1CF8AB6}.Release|Any CPU.Build.0 = Release|Any CPU
	EndGlobalSection
	GlobalSection(SolutionProperties) = preSolution
		HideSolutionNode = FALSE
	EndGlobalSection
	GlobalSection(ExtensibilityGlobals) = postSolution
		SolutionGuid = {DC1BF51D-3A7F-4290-BBAE-ECCA0C52EE65}
	EndGlobalSection
EndGlobal
